
Microsoft Visual Studio Solution File, Format Version 12.00
# Visual Studio Express 2013 for Windows Desktop
VisualStudioVersion = 12.0.21005.1
MinimumVisualStudioVersion = 10.0.40219.1
Project("{8BC9CEB8-8B4A-11D0-8D11-00A0C91BC942}") = "tsdump", "tsdump.vcxproj", "{B2711611-69C5-42A4-96E2-8D4B4FA84CC9}"
EndProject
Global
	GlobalSection(SolutionConfigurationPlatforms) = preSolution
		Debug|Win32 = Debug|Win32
		Release|Win32 = Release|Win32
	EndGlobalSection
	GlobalSection(ProjectConfigurationPlatforms) = postSolution
		{B2711611-69C5-42A4-96E2-8D4B4FA84CC9}.Debug|Win32.ActiveCfg = Debug|Win32
		{B2711611-69C5-42A4-96E2-8D4B4FA84CC9}.Debug|Win32.Build.0 = Debug|Win32
		{B2711611-69C5-42A4-96E2-8D4B4FA84CC9}.Release|Win32.ActiveCfg = Release|Win32
		{B2711611-69C5-42A4-96E2-8D4B4FA84CC9}.Release|Win32.Build.0 = Release|Win32
	EndGlobalSection
	GlobalSection(SolutionProperties) = preSolution
		HideSolutionNode = FALSE
	EndGlobalSection
EndGlobal
