<?xml version="1.0" encoding="utf-8"?>
<Project ToolsVersion="4.0" xmlns="http://schemas.microsoft.com/developer/msbuild/2003">
  <ItemGroup>
    <Filter Include="ソース ファイル">
      <UniqueIdentifier>{4FC737F1-C7A5-4376-A066-2A32D752A2FF}</UniqueIdentifier>
      <Extensions>cpp;c;cc;cxx;def;odl;idl;hpj;bat;asm;asmx</Extensions>
    </Filter>
    <Filter Include="ヘッダー ファイル">
      <UniqueIdentifier>{93995380-89BD-4b04-88EB-625FBE52EBFB}</UniqueIdentifier>
      <Extensions>h;hh;hpp;hxx;hm;inl;inc;xsd</Extensions>
    </Filter>
    <Filter Include="リソース ファイル">
      <UniqueIdentifier>{67DA6AB6-F800-4c08-8B7A-83BB121AAD01}</UniqueIdentifier>
      <Extensions>rc;ico;cur;bmp;dlg;rc2;rct;bin;rgs;gif;jpg;jpeg;jpe;resx;tiff;tif;png;wav;mfcribbon-ms</Extensions>
    </Filter>
  </ItemGroup>
  <ItemGroup>
    <ClCompile Include="core/tsdump.c" >
      <Filter>ソース ファイル</Filter>
    </ClCompile>
    <ClCompile Include="core/ts_output.c" >
      <Filter>ソース ファイル</Filter>
    </ClCompile>
    <ClCompile Include="core/default_decoder.c" >
      <Filter>ソース ファイル</Filter>
    </ClCompile>
    <ClCompile Include="core/load_modules.c" >
      <Filter>ソース ファイル</Filter>
    </ClCompile>
    <ClCompile Include="modules/mod_b25decoder.cpp" >
      <Filter>ソース ファイル</Filter>
    </ClCompile>
    <ClCompile Include="modules/mod_bondriver.cpp" >
      <Filter>ソース ファイル</Filter>
    </ClCompile>
    <ClCompile Include="modules/mod_cmdexec.c" >
      <Filter>ソース ファイル</Filter>
    </ClCompile>
    <ClCompile Include="modules/mod_path_resolver.c" >
      <Filter>ソース ファイル</Filter>
    </ClCompile>
    <ClCompile Include="modules/mod_log.c" >
      <Filter>ソース ファイル</Filter>
    </ClCompile>
    <ClCompile Include="modules/mod_filein.c" >
      <Filter>ソース ファイル</Filter>
    </ClCompile>
    <ClCompile Include="modules/mod_fileout.c" >
      <Filter>ソース ファイル</Filter>
    </ClCompile>
    <ClCompile Include="utils/aribstr.c" >
      <Filter>ソース ファイル</Filter>
    </ClCompile>
    <ClCompile Include="utils/tsdstr.c" >
      <Filter>ソース ファイル</Filter>
    </ClCompile>
    <ClCompile Include="utils/arib_parser.c" >
      <Filter>ソース ファイル</Filter>
    </ClCompile>
    <ClCompile Include="utils/path.c" >
      <Filter>ソース ファイル</Filter>
    </ClCompile>
    <ClCompile Include="utils/advanced_buffer.c" >
      <Filter>ソース ファイル</Filter>
    </ClCompile>
  </ItemGroup>
  <ItemGroup>
    <ClInclude Include="core/tsdump.h" >
      <Filter>ヘッダー ファイル</Filter>
    </ClInclude>
    <ClInclude Include="core/ts_output.h" >
      <Filter>ヘッダー ファイル</Filter>
    </ClInclude>
    <ClInclude Include="core/default_decoder.h" >
      <Filter>ヘッダー ファイル</Filter>
    </ClInclude>
    <ClInclude Include="core/load_modules.h" >
      <Filter>ヘッダー ファイル</Filter>
    </ClInclude>
    <ClInclude Include="core/tsdump_def.h" >
      <Filter>ヘッダー ファイル</Filter>
    </ClInclude>
    <ClInclude Include="core/module_api.h" >
      <Filter>ヘッダー ファイル</Filter>
    </ClInclude>
    <ClInclude Include="modules/modules.h" >
      <Filter>ヘッダー ファイル</Filter>
    </ClInclude>
    <ClInclude Include="modules/IB25Decoder.h" >
      <Filter>ヘッダー ファイル</Filter>
    </ClInclude>
    <ClInclude Include="modules/IBonDriver2.h" >
      <Filter>ヘッダー ファイル</Filter>
    </ClInclude>
    <ClInclude Include="utils/aribstr.h" >
      <Filter>ヘッダー ファイル</Filter>
    </ClInclude>
    <ClInclude Include="utils/arib_proginfo.h" >
      <Filter>ヘッダー ファイル</Filter>
    </ClInclude>
    <ClInclude Include="utils/tsdstr.h" >
      <Filter>ヘッダー ファイル</Filter>
    </ClInclude>
    <ClInclude Include="utils/arib_parser.h" >
      <Filter>ヘッダー ファイル</Filter>
    </ClInclude>
    <ClInclude Include="utils/path.h" >
      <Filter>ヘッダー ファイル</Filter>
    </ClInclude>
    <ClInclude Include="utils/advanced_buffer.h" >
      <Filter>ヘッダー ファイル</Filter>
    </ClInclude>
  </ItemGroup>
</Project>